
Microsoft Visual Studio Solution File, Format Version 12.00
# Visual Studio Version 17
VisualStudioVersion = 17.5.002.0
MinimumVisualStudioVersion = 10.0.40219.1
Project("{9A19103F-16F7-4668-BE54-9A1E7A4F7556}") = "GrpcGreeter", "GrpcGreeter.csproj", "{F9A6E0D9-BC2C-450D-ACE2-83C63708C700}"
EndProject
Global
	GlobalSection(SolutionConfigurationPlatforms) = preSolution
		Debug|Any CPU = Debug|Any CPU
		Release|Any CPU = Release|Any CPU
	EndGlobalSection
	GlobalSection(ProjectConfigurationPlatforms) = postSolution
		{F9A6E0D9-BC2C-450D-ACE2-83C63708C700}.Debug|Any CPU.ActiveCfg = Debug|Any CPU
		{F9A6E0D9-BC2C-450D-ACE2-83C63708C700}.Debug|Any CPU.Build.0 = Debug|Any CPU
		{F9A6E0D9-BC2C-450D-ACE2-83C63708C700}.Release|Any CPU.ActiveCfg = Release|Any CPU
		{F9A6E0D9-BC2C-450D-ACE2-83C63708C700}.Release|Any CPU.Build.0 = Release|Any CPU
	EndGlobalSection
	GlobalSection(SolutionProperties) = preSolution
		HideSolutionNode = FALSE
	EndGlobalSection
	GlobalSection(ExtensibilityGlobals) = postSolution
		SolutionGuid = {F81C8DAB-CF56-45AE-AC8F-991A86D68FA8}
	EndGlobalSection
EndGlobal
