
Microsoft Visual Studio Solution File, Format Version 12.00
# Visual Studio Version 17
VisualStudioVersion = 17.5.002.0
MinimumVisualStudioVersion = 10.0.40219.1
Project("{9A19103F-16F7-4668-BE54-9A1E7A4F7556}") = "GrpcGreeterClient", "GrpcGreeterClient.csproj", "{A04B6501-3824-4D26-89DF-8637987B631B}"
EndProject
Global
	GlobalSection(SolutionConfigurationPlatforms) = preSolution
		Debug|Any CPU = Debug|Any CPU
		Release|Any CPU = Release|Any CPU
	EndGlobalSection
	GlobalSection(ProjectConfigurationPlatforms) = postSolution
		{A04B6501-3824-4D26-89DF-8637987B631B}.Debug|Any CPU.ActiveCfg = Debug|Any CPU
		{A04B6501-3824-4D26-89DF-8637987B631B}.Debug|Any CPU.Build.0 = Debug|Any CPU
		{A04B6501-3824-4D26-89DF-8637987B631B}.Release|Any CPU.ActiveCfg = Release|Any CPU
		{A04B6501-3824-4D26-89DF-8637987B631B}.Release|Any CPU.Build.0 = Release|Any CPU
	EndGlobalSection
	GlobalSection(SolutionProperties) = preSolution
		HideSolutionNode = FALSE
	EndGlobalSection
	GlobalSection(ExtensibilityGlobals) = postSolution
		SolutionGuid = {103113B7-D10F-48E1-9469-2378E28C2AF1}
	EndGlobalSection
EndGlobal
